// !$*UTF8*$!
{
	archiveVersion = 1;
	classes = {
	};
	objectVersion = 52;
	objects = {

/* Begin PBXBuildFile section */
		8272B3F226DAB1D000064A94 /* AppState.swift in Sources */ = {isa = PBXBuildFile; fileRef = 8272B3F126DAB1D000064A94 /* AppState.swift */; };
		8272B3F626DAB28500064A94 /* TestsList.swift in Sources */ = {isa = PBXBuildFile; fileRef = 8272B3F526DAB28500064A94 /* TestsList.swift */; };
		8272B3F826DAB32F00064A94 /* DependencyInjector.swift in Sources */ = {isa = PBXBuildFile; fileRef = 8272B3F726DAB32F00064A94 /* DependencyInjector.swift */; };
		8272B3FB26DAB3D600064A94 /* Store.swift in Sources */ = {isa = PBXBuildFile; fileRef = 8272B3FA26DAB3D600064A94 /* Store.swift */; };
		8272B3FD26DAB3FF00064A94 /* InteractorsContainer.swift in Sources */ = {isa = PBXBuildFile; fileRef = 8272B3FC26DAB3FF00064A94 /* InteractorsContainer.swift */; };
		8272B40026DAB50D00064A94 /* TestSelectorInteractor.swift in Sources */ = {isa = PBXBuildFile; fileRef = 8272B3FF26DAB50D00064A94 /* TestSelectorInteractor.swift */; };
		8272B40326DAB66C00064A94 /* TestModel.swift in Sources */ = {isa = PBXBuildFile; fileRef = 8272B40226DAB66C00064A94 /* TestModel.swift */; };
		8272B40626DABAD900064A94 /* TestsDBRepository.swift in Sources */ = {isa = PBXBuildFile; fileRef = 8272B40526DABAD900064A94 /* TestsDBRepository.swift */; };
		8272B40826DABAE900064A94 /* ResultsDBRepository.swift in Sources */ = {isa = PBXBuildFile; fileRef = 8272B40726DABAE900064A94 /* ResultsDBRepository.swift */; };
		8272B40A26DABB2500064A94 /* LazyList.swift in Sources */ = {isa = PBXBuildFile; fileRef = 8272B40926DABB2500064A94 /* LazyList.swift */; };
		8272B40E26DAC47B00064A94 /* AppEnvironment.swift in Sources */ = {isa = PBXBuildFile; fileRef = 8272B40D26DAC47B00064A94 /* AppEnvironment.swift */; };
		8272B41126DAC69300064A94 /* CoreDataHelpers.swift in Sources */ = {isa = PBXBuildFile; fileRef = 8272B41026DAC69300064A94 /* CoreDataHelpers.swift */; };
		8272B41326DACCD200064A94 /* Models+CoreData.swift in Sources */ = {isa = PBXBuildFile; fileRef = 8272B41226DACCD200064A94 /* Models+CoreData.swift */; };
		8272B41526DACCFD00064A94 /* ResultModel.swift in Sources */ = {isa = PBXBuildFile; fileRef = 8272B41426DACCFD00064A94 /* ResultModel.swift */; };
		8272B41826DAE02600064A94 /* CancelBag.swift in Sources */ = {isa = PBXBuildFile; fileRef = 8272B41726DAE02600064A94 /* CancelBag.swift */; };
		8272B41A26DAE06500064A94 /* Loadable.swift in Sources */ = {isa = PBXBuildFile; fileRef = 8272B41926DAE06500064A94 /* Loadable.swift */; };
		8272B41C26DAE20F00064A94 /* NetworkingHelpers.swift in Sources */ = {isa = PBXBuildFile; fileRef = 8272B41B26DAE20F00064A94 /* NetworkingHelpers.swift */; };
		8272B41E26DAE55700064A94 /* JSONRepository.swift in Sources */ = {isa = PBXBuildFile; fileRef = 8272B41D26DAE55700064A94 /* JSONRepository.swift */; };
		8272B42226DB730400064A94 /* Tests.json in Resources */ = {isa = PBXBuildFile; fileRef = 8272B42126DB730400064A94 /* Tests.json */; };
		8272B42426DB796A00064A94 /* ContentView.swift in Sources */ = {isa = PBXBuildFile; fileRef = 8272B42326DB796A00064A94 /* ContentView.swift */; };
		8272B42626DB799600064A94 /* Helpers.swift in Sources */ = {isa = PBXBuildFile; fileRef = 8272B42526DB799600064A94 /* Helpers.swift */; };
		8272B42926DB7A1900064A94 /* EnvironmentOverrides in Frameworks */ = {isa = PBXBuildFile; productRef = 8272B42826DB7A1900064A94 /* EnvironmentOverrides */; };
		8272B42C26DB7EE400064A94 /* ErrorView.swift in Sources */ = {isa = PBXBuildFile; fileRef = 8272B42B26DB7EE400064A94 /* ErrorView.swift */; };
		8272B42E26DB7F3C00064A94 /* ActivityIndicatorView.swift in Sources */ = {isa = PBXBuildFile; fileRef = 8272B42D26DB7F3C00064A94 /* ActivityIndicatorView.swift */; };
		82821DB226DAA6D2001DA227 /* Autism_TestApp.swift in Sources */ = {isa = PBXBuildFile; fileRef = 82821DB126DAA6D2001DA227 /* Autism_TestApp.swift */; };
		82821DB626DAA6D3001DA227 /* Assets.xcassets in Resources */ = {isa = PBXBuildFile; fileRef = 82821DB526DAA6D3001DA227 /* Assets.xcassets */; };
		82821DB926DAA6D3001DA227 /* Preview Assets.xcassets in Resources */ = {isa = PBXBuildFile; fileRef = 82821DB826DAA6D3001DA227 /* Preview Assets.xcassets */; };
		82821DBB26DAA6D3001DA227 /* Persistence.swift in Sources */ = {isa = PBXBuildFile; fileRef = 82821DBA26DAA6D3001DA227 /* Persistence.swift */; };
		82821DBE26DAA6D3001DA227 /* Autism_Test.xcdatamodeld in Sources */ = {isa = PBXBuildFile; fileRef = 82821DBC26DAA6D3001DA227 /* Autism_Test.xcdatamodeld */; };
		82821DC926DAA6D3001DA227 /* Autism_TestTests.swift in Sources */ = {isa = PBXBuildFile; fileRef = 82821DC826DAA6D3001DA227 /* Autism_TestTests.swift */; };
		82821DD426DAA6D3001DA227 /* Autism_TestUITests.swift in Sources */ = {isa = PBXBuildFile; fileRef = 82821DD326DAA6D3001DA227 /* Autism_TestUITests.swift */; };
/* End PBXBuildFile section */

/* Begin PBXContainerItemProxy section */
		82821DC526DAA6D3001DA227 /* PBXContainerItemProxy */ = {
			isa = PBXContainerItemProxy;
			containerPortal = 82821DA626DAA6D2001DA227 /* Project object */;
			proxyType = 1;
			remoteGlobalIDString = 82821DAD26DAA6D2001DA227;
			remoteInfo = "Autism Test";
		};
		82821DD026DAA6D3001DA227 /* PBXContainerItemProxy */ = {
			isa = PBXContainerItemProxy;
			containerPortal = 82821DA626DAA6D2001DA227 /* Project object */;
			proxyType = 1;
			remoteGlobalIDString = 82821DAD26DAA6D2001DA227;
			remoteInfo = "Autism Test";
		};
/* End PBXContainerItemProxy section */

/* Begin PBXFileReference section */
		8272B3F126DAB1D000064A94 /* AppState.swift */ = {isa = PBXFileReference; lastKnownFileType = sourcecode.swift; path = AppState.swift; sourceTree = "<group>"; };
		8272B3F526DAB28500064A94 /* TestsList.swift */ = {isa = PBXFileReference; lastKnownFileType = sourcecode.swift; path = TestsList.swift; sourceTree = "<group>"; };
		8272B3F726DAB32F00064A94 /* DependencyInjector.swift */ = {isa = PBXFileReference; lastKnownFileType = sourcecode.swift; path = DependencyInjector.swift; sourceTree = "<group>"; };
		8272B3FA26DAB3D600064A94 /* Store.swift */ = {isa = PBXFileReference; lastKnownFileType = sourcecode.swift; path = Store.swift; sourceTree = "<group>"; };
		8272B3FC26DAB3FF00064A94 /* InteractorsContainer.swift */ = {isa = PBXFileReference; lastKnownFileType = sourcecode.swift; path = InteractorsContainer.swift; sourceTree = "<group>"; };
		8272B3FF26DAB50D00064A94 /* TestSelectorInteractor.swift */ = {isa = PBXFileReference; lastKnownFileType = sourcecode.swift; path = TestSelectorInteractor.swift; sourceTree = "<group>"; };
		8272B40226DAB66C00064A94 /* TestModel.swift */ = {isa = PBXFileReference; lastKnownFileType = sourcecode.swift; path = TestModel.swift; sourceTree = "<group>"; };
		8272B40526DABAD900064A94 /* TestsDBRepository.swift */ = {isa = PBXFileReference; lastKnownFileType = sourcecode.swift; path = TestsDBRepository.swift; sourceTree = "<group>"; };
		8272B40726DABAE900064A94 /* ResultsDBRepository.swift */ = {isa = PBXFileReference; lastKnownFileType = sourcecode.swift; path = ResultsDBRepository.swift; sourceTree = "<group>"; };
		8272B40926DABB2500064A94 /* LazyList.swift */ = {isa = PBXFileReference; lastKnownFileType = sourcecode.swift; path = LazyList.swift; sourceTree = "<group>"; };
		8272B40D26DAC47B00064A94 /* AppEnvironment.swift */ = {isa = PBXFileReference; lastKnownFileType = sourcecode.swift; path = AppEnvironment.swift; sourceTree = "<group>"; };
		8272B41026DAC69300064A94 /* CoreDataHelpers.swift */ = {isa = PBXFileReference; lastKnownFileType = sourcecode.swift; path = CoreDataHelpers.swift; sourceTree = "<group>"; };
		8272B41226DACCD200064A94 /* Models+CoreData.swift */ = {isa = PBXFileReference; lastKnownFileType = sourcecode.swift; path = "Models+CoreData.swift"; sourceTree = "<group>"; };
		8272B41426DACCFD00064A94 /* ResultModel.swift */ = {isa = PBXFileReference; lastKnownFileType = sourcecode.swift; path = ResultModel.swift; sourceTree = "<group>"; };
		8272B41726DAE02600064A94 /* CancelBag.swift */ = {isa = PBXFileReference; lastKnownFileType = sourcecode.swift; path = CancelBag.swift; sourceTree = "<group>"; };
		8272B41926DAE06500064A94 /* Loadable.swift */ = {isa = PBXFileReference; lastKnownFileType = sourcecode.swift; path = Loadable.swift; sourceTree = "<group>"; };
		8272B41B26DAE20F00064A94 /* NetworkingHelpers.swift */ = {isa = PBXFileReference; lastKnownFileType = sourcecode.swift; path = NetworkingHelpers.swift; sourceTree = "<group>"; };
		8272B41D26DAE55700064A94 /* JSONRepository.swift */ = {isa = PBXFileReference; lastKnownFileType = sourcecode.swift; path = JSONRepository.swift; sourceTree = "<group>"; };
		8272B42126DB730400064A94 /* Tests.json */ = {isa = PBXFileReference; fileEncoding = 4; lastKnownFileType = text.json; path = Tests.json; sourceTree = "<group>"; };
		8272B42326DB796A00064A94 /* ContentView.swift */ = {isa = PBXFileReference; lastKnownFileType = sourcecode.swift; path = ContentView.swift; sourceTree = "<group>"; };
		8272B42526DB799600064A94 /* Helpers.swift */ = {isa = PBXFileReference; lastKnownFileType = sourcecode.swift; path = Helpers.swift; sourceTree = "<group>"; };
		8272B42B26DB7EE400064A94 /* ErrorView.swift */ = {isa = PBXFileReference; lastKnownFileType = sourcecode.swift; path = ErrorView.swift; sourceTree = "<group>"; };
		8272B42D26DB7F3C00064A94 /* ActivityIndicatorView.swift */ = {isa = PBXFileReference; lastKnownFileType = sourcecode.swift; path = ActivityIndicatorView.swift; sourceTree = "<group>"; };
		82821DAE26DAA6D2001DA227 /* Autism Test.app */ = {isa = PBXFileReference; explicitFileType = wrapper.application; includeInIndex = 0; path = "Autism Test.app"; sourceTree = BUILT_PRODUCTS_DIR; };
		82821DB126DAA6D2001DA227 /* Autism_TestApp.swift */ = {isa = PBXFileReference; lastKnownFileType = sourcecode.swift; path = Autism_TestApp.swift; sourceTree = "<group>"; };
		82821DB526DAA6D3001DA227 /* Assets.xcassets */ = {isa = PBXFileReference; lastKnownFileType = folder.assetcatalog; path = Assets.xcassets; sourceTree = "<group>"; };
		82821DB826DAA6D3001DA227 /* Preview Assets.xcassets */ = {isa = PBXFileReference; lastKnownFileType = folder.assetcatalog; path = "Preview Assets.xcassets"; sourceTree = "<group>"; };
		82821DBA26DAA6D3001DA227 /* Persistence.swift */ = {isa = PBXFileReference; lastKnownFileType = sourcecode.swift; path = Persistence.swift; sourceTree = "<group>"; };
		82821DBD26DAA6D3001DA227 /* Autism_Test.xcdatamodel */ = {isa = PBXFileReference; lastKnownFileType = wrapper.xcdatamodel; path = Autism_Test.xcdatamodel; sourceTree = "<group>"; };
		82821DBF26DAA6D3001DA227 /* Info.plist */ = {isa = PBXFileReference; lastKnownFileType = text.plist.xml; path = Info.plist; sourceTree = "<group>"; };
		82821DC426DAA6D3001DA227 /* Autism TestTests.xctest */ = {isa = PBXFileReference; explicitFileType = wrapper.cfbundle; includeInIndex = 0; path = "Autism TestTests.xctest"; sourceTree = BUILT_PRODUCTS_DIR; };
		82821DC826DAA6D3001DA227 /* Autism_TestTests.swift */ = {isa = PBXFileReference; lastKnownFileType = sourcecode.swift; path = Autism_TestTests.swift; sourceTree = "<group>"; };
		82821DCA26DAA6D3001DA227 /* Info.plist */ = {isa = PBXFileReference; lastKnownFileType = text.plist.xml; path = Info.plist; sourceTree = "<group>"; };
		82821DCF26DAA6D3001DA227 /* Autism TestUITests.xctest */ = {isa = PBXFileReference; explicitFileType = wrapper.cfbundle; includeInIndex = 0; path = "Autism TestUITests.xctest"; sourceTree = BUILT_PRODUCTS_DIR; };
		82821DD326DAA6D3001DA227 /* Autism_TestUITests.swift */ = {isa = PBXFileReference; lastKnownFileType = sourcecode.swift; path = Autism_TestUITests.swift; sourceTree = "<group>"; };
		82821DD526DAA6D3001DA227 /* Info.plist */ = {isa = PBXFileReference; lastKnownFileType = text.plist.xml; path = Info.plist; sourceTree = "<group>"; };
		82821DE126DAA6F8001DA227 /* Autism Test.entitlements */ = {isa = PBXFileReference; lastKnownFileType = text.plist.entitlements; path = "Autism Test.entitlements"; sourceTree = "<group>"; };
/* End PBXFileReference section */

/* Begin PBXFrameworksBuildPhase section */
		82821DAB26DAA6D2001DA227 /* Frameworks */ = {
			isa = PBXFrameworksBuildPhase;
			buildActionMask = 2147483647;
			files = (
				8272B42926DB7A1900064A94 /* EnvironmentOverrides in Frameworks */,
			);
			runOnlyForDeploymentPostprocessing = 0;
		};
		82821DC126DAA6D3001DA227 /* Frameworks */ = {
			isa = PBXFrameworksBuildPhase;
			buildActionMask = 2147483647;
			files = (
			);
			runOnlyForDeploymentPostprocessing = 0;
		};
		82821DCC26DAA6D3001DA227 /* Frameworks */ = {
			isa = PBXFrameworksBuildPhase;
			buildActionMask = 2147483647;
			files = (
			);
			runOnlyForDeploymentPostprocessing = 0;
		};
/* End PBXFrameworksBuildPhase section */

/* Begin PBXGroup section */
		8272B3F026DAB1A400064A94 /* Injected */ = {
			isa = PBXGroup;
			children = (
				8272B3F126DAB1D000064A94 /* AppState.swift */,
				8272B3F726DAB32F00064A94 /* DependencyInjector.swift */,
				8272B3FC26DAB3FF00064A94 /* InteractorsContainer.swift */,
			);
			path = Injected;
			sourceTree = "<group>";
		};
		8272B3F326DAB27300064A94 /* UI */ = {
			isa = PBXGroup;
			children = (
				8272B42A26DB7ED300064A94 /* Components */,
				8272B3F426DAB27600064A94 /* Screens */,
			);
			path = UI;
			sourceTree = "<group>";
		};
		8272B3F426DAB27600064A94 /* Screens */ = {
			isa = PBXGroup;
			children = (
				8272B3F526DAB28500064A94 /* TestsList.swift */,
				8272B42326DB796A00064A94 /* ContentView.swift */,
			);
			path = Screens;
			sourceTree = "<group>";
		};
		8272B3F926DAB3CB00064A94 /* Utilities */ = {
			isa = PBXGroup;
			children = (
				8272B40926DABB2500064A94 /* LazyList.swift */,
				8272B3FA26DAB3D600064A94 /* Store.swift */,
				8272B41726DAE02600064A94 /* CancelBag.swift */,
				8272B41926DAE06500064A94 /* Loadable.swift */,
				8272B41B26DAE20F00064A94 /* NetworkingHelpers.swift */,
				8272B42526DB799600064A94 /* Helpers.swift */,
			);
			path = Utilities;
			sourceTree = "<group>";
		};
		8272B3FE26DAB48D00064A94 /* Interactors */ = {
			isa = PBXGroup;
			children = (
				8272B3FF26DAB50D00064A94 /* TestSelectorInteractor.swift */,
			);
			path = Interactors;
			sourceTree = "<group>";
		};
		8272B40126DAB5A000064A94 /* Models */ = {
			isa = PBXGroup;
			children = (
				8272B40226DAB66C00064A94 /* TestModel.swift */,
				8272B41226DACCD200064A94 /* Models+CoreData.swift */,
				8272B41426DACCFD00064A94 /* ResultModel.swift */,
			);
			path = Models;
			sourceTree = "<group>";
		};
		8272B40426DABABD00064A94 /* Repositories */ = {
			isa = PBXGroup;
			children = (
				8272B40726DABAE900064A94 /* ResultsDBRepository.swift */,
				8272B40526DABAD900064A94 /* TestsDBRepository.swift */,
				8272B41D26DAE55700064A94 /* JSONRepository.swift */,
			);
			path = Repositories;
			sourceTree = "<group>";
		};
		8272B40B26DABC2C00064A94 /* Persistance */ = {
			isa = PBXGroup;
			children = (
				82821DBC26DAA6D3001DA227 /* Autism_Test.xcdatamodeld */,
				82821DBA26DAA6D3001DA227 /* Persistence.swift */,
				8272B41026DAC69300064A94 /* CoreDataHelpers.swift */,
			);
			path = Persistance;
			sourceTree = "<group>";
		};
		8272B40C26DAC44900064A94 /* System */ = {
			isa = PBXGroup;
			children = (
				82821DB126DAA6D2001DA227 /* Autism_TestApp.swift */,
				8272B40D26DAC47B00064A94 /* AppEnvironment.swift */,
			);
			path = System;
			sourceTree = "<group>";
		};
		8272B40F26DAC49100064A94 /* Resources */ = {
			isa = PBXGroup;
			children = (
				8272B42126DB730400064A94 /* Tests.json */,
				82821DB526DAA6D3001DA227 /* Assets.xcassets */,
				82821DE126DAA6F8001DA227 /* Autism Test.entitlements */,
				82821DBF26DAA6D3001DA227 /* Info.plist */,
				82821DB726DAA6D3001DA227 /* Preview Content */,
			);
			path = Resources;
			sourceTree = "<group>";
		};
		8272B42A26DB7ED300064A94 /* Components */ = {
			isa = PBXGroup;
			children = (
				8272B42B26DB7EE400064A94 /* ErrorView.swift */,
				8272B42D26DB7F3C00064A94 /* ActivityIndicatorView.swift */,
			);
			path = Components;
			sourceTree = "<group>";
		};
		82821DA526DAA6D2001DA227 = {
			isa = PBXGroup;
			children = (
				82821DB026DAA6D2001DA227 /* Autism Test */,
				82821DC726DAA6D3001DA227 /* Autism TestTests */,
				82821DD226DAA6D3001DA227 /* Autism TestUITests */,
				82821DAF26DAA6D2001DA227 /* Products */,
			);
			sourceTree = "<group>";
		};
		82821DAF26DAA6D2001DA227 /* Products */ = {
			isa = PBXGroup;
			children = (
				82821DAE26DAA6D2001DA227 /* Autism Test.app */,
				82821DC426DAA6D3001DA227 /* Autism TestTests.xctest */,
				82821DCF26DAA6D3001DA227 /* Autism TestUITests.xctest */,
			);
			name = Products;
			sourceTree = "<group>";
		};
		82821DB026DAA6D2001DA227 /* Autism Test */ = {
			isa = PBXGroup;
			children = (
				8272B3F026DAB1A400064A94 /* Injected */,
				8272B3FE26DAB48D00064A94 /* Interactors */,
				8272B40126DAB5A000064A94 /* Models */,
				8272B40B26DABC2C00064A94 /* Persistance */,
				8272B40426DABABD00064A94 /* Repositories */,
				8272B40F26DAC49100064A94 /* Resources */,
				8272B40C26DAC44900064A94 /* System */,
				8272B3F326DAB27300064A94 /* UI */,
				8272B3F926DAB3CB00064A94 /* Utilities */,
			);
			path = "Autism Test";
			sourceTree = "<group>";
		};
		82821DB726DAA6D3001DA227 /* Preview Content */ = {
			isa = PBXGroup;
			children = (
				82821DB826DAA6D3001DA227 /* Preview Assets.xcassets */,
			);
			path = "Preview Content";
			sourceTree = "<group>";
		};
		82821DC726DAA6D3001DA227 /* Autism TestTests */ = {
			isa = PBXGroup;
			children = (
				82821DC826DAA6D3001DA227 /* Autism_TestTests.swift */,
				82821DCA26DAA6D3001DA227 /* Info.plist */,
			);
			path = "Autism TestTests";
			sourceTree = "<group>";
		};
		82821DD226DAA6D3001DA227 /* Autism TestUITests */ = {
			isa = PBXGroup;
			children = (
				82821DD326DAA6D3001DA227 /* Autism_TestUITests.swift */,
				82821DD526DAA6D3001DA227 /* Info.plist */,
			);
			path = "Autism TestUITests";
			sourceTree = "<group>";
		};
/* End PBXGroup section */

/* Begin PBXNativeTarget section */
		82821DAD26DAA6D2001DA227 /* Autism Test */ = {
			isa = PBXNativeTarget;
			buildConfigurationList = 82821DD826DAA6D3001DA227 /* Build configuration list for PBXNativeTarget "Autism Test" */;
			buildPhases = (
				82821DAA26DAA6D2001DA227 /* Sources */,
				82821DAB26DAA6D2001DA227 /* Frameworks */,
				82821DAC26DAA6D2001DA227 /* Resources */,
			);
			buildRules = (
			);
			dependencies = (
			);
			name = "Autism Test";
			packageProductDependencies = (
				8272B42826DB7A1900064A94 /* EnvironmentOverrides */,
			);
			productName = "Autism Test";
			productReference = 82821DAE26DAA6D2001DA227 /* Autism Test.app */;
			productType = "com.apple.product-type.application";
		};
		82821DC326DAA6D3001DA227 /* Autism TestTests */ = {
			isa = PBXNativeTarget;
			buildConfigurationList = 82821DDB26DAA6D3001DA227 /* Build configuration list for PBXNativeTarget "Autism TestTests" */;
			buildPhases = (
				82821DC026DAA6D3001DA227 /* Sources */,
				82821DC126DAA6D3001DA227 /* Frameworks */,
				82821DC226DAA6D3001DA227 /* Resources */,
			);
			buildRules = (
			);
			dependencies = (
				82821DC626DAA6D3001DA227 /* PBXTargetDependency */,
			);
			name = "Autism TestTests";
			productName = "Autism TestTests";
			productReference = 82821DC426DAA6D3001DA227 /* Autism TestTests.xctest */;
			productType = "com.apple.product-type.bundle.unit-test";
		};
		82821DCE26DAA6D3001DA227 /* Autism TestUITests */ = {
			isa = PBXNativeTarget;
			buildConfigurationList = 82821DDE26DAA6D3001DA227 /* Build configuration list for PBXNativeTarget "Autism TestUITests" */;
			buildPhases = (
				82821DCB26DAA6D3001DA227 /* Sources */,
				82821DCC26DAA6D3001DA227 /* Frameworks */,
				82821DCD26DAA6D3001DA227 /* Resources */,
			);
			buildRules = (
			);
			dependencies = (
				82821DD126DAA6D3001DA227 /* PBXTargetDependency */,
			);
			name = "Autism TestUITests";
			productName = "Autism TestUITests";
			productReference = 82821DCF26DAA6D3001DA227 /* Autism TestUITests.xctest */;
			productType = "com.apple.product-type.bundle.ui-testing";
		};
/* End PBXNativeTarget section */

/* Begin PBXProject section */
		82821DA626DAA6D2001DA227 /* Project object */ = {
			isa = PBXProject;
			attributes = {
				LastSwiftUpdateCheck = 1250;
				LastUpgradeCheck = 1250;
				TargetAttributes = {
					82821DAD26DAA6D2001DA227 = {
						CreatedOnToolsVersion = 12.5.1;
					};
					82821DC326DAA6D3001DA227 = {
						CreatedOnToolsVersion = 12.5.1;
						TestTargetID = 82821DAD26DAA6D2001DA227;
					};
					82821DCE26DAA6D3001DA227 = {
						CreatedOnToolsVersion = 12.5.1;
						TestTargetID = 82821DAD26DAA6D2001DA227;
					};
				};
			};
			buildConfigurationList = 82821DA926DAA6D2001DA227 /* Build configuration list for PBXProject "Autism Test" */;
			compatibilityVersion = "Xcode 9.3";
			developmentRegion = en;
			hasScannedForEncodings = 0;
			knownRegions = (
				en,
				Base,
			);
			mainGroup = 82821DA526DAA6D2001DA227;
			packageReferences = (
				8272B42726DB7A1900064A94 /* XCRemoteSwiftPackageReference "EnvironmentOverrides" */,
			);
			productRefGroup = 82821DAF26DAA6D2001DA227 /* Products */;
			projectDirPath = "";
			projectRoot = "";
			targets = (
				82821DAD26DAA6D2001DA227 /* Autism Test */,
				82821DC326DAA6D3001DA227 /* Autism TestTests */,
				82821DCE26DAA6D3001DA227 /* Autism TestUITests */,
			);
		};
/* End PBXProject section */

/* Begin PBXResourcesBuildPhase section */
		82821DAC26DAA6D2001DA227 /* Resources */ = {
			isa = PBXResourcesBuildPhase;
			buildActionMask = 2147483647;
			files = (
				8272B42226DB730400064A94 /* Tests.json in Resources */,
				82821DB926DAA6D3001DA227 /* Preview Assets.xcassets in Resources */,
				82821DB626DAA6D3001DA227 /* Assets.xcassets in Resources */,
			);
			runOnlyForDeploymentPostprocessing = 0;
		};
		82821DC226DAA6D3001DA227 /* Resources */ = {
			isa = PBXResourcesBuildPhase;
			buildActionMask = 2147483647;
			files = (
			);
			runOnlyForDeploymentPostprocessing = 0;
		};
		82821DCD26DAA6D3001DA227 /* Resources */ = {
			isa = PBXResourcesBuildPhase;
			buildActionMask = 2147483647;
			files = (
			);
			runOnlyForDeploymentPostprocessing = 0;
		};
/* End PBXResourcesBuildPhase section */

/* Begin PBXSourcesBuildPhase section */
		82821DAA26DAA6D2001DA227 /* Sources */ = {
			isa = PBXSourcesBuildPhase;
			buildActionMask = 2147483647;
			files = (
				8272B41126DAC69300064A94 /* CoreDataHelpers.swift in Sources */,
				82821DBB26DAA6D3001DA227 /* Persistence.swift in Sources */,
				8272B41326DACCD200064A94 /* Models+CoreData.swift in Sources */,
				8272B3F826DAB32F00064A94 /* DependencyInjector.swift in Sources */,
				8272B42626DB799600064A94 /* Helpers.swift in Sources */,
				8272B3F226DAB1D000064A94 /* AppState.swift in Sources */,
				8272B40626DABAD900064A94 /* TestsDBRepository.swift in Sources */,
				8272B42C26DB7EE400064A94 /* ErrorView.swift in Sources */,
				8272B40826DABAE900064A94 /* ResultsDBRepository.swift in Sources */,
				8272B40E26DAC47B00064A94 /* AppEnvironment.swift in Sources */,
				8272B40A26DABB2500064A94 /* LazyList.swift in Sources */,
				8272B41E26DAE55700064A94 /* JSONRepository.swift in Sources */,
				8272B40326DAB66C00064A94 /* TestModel.swift in Sources */,
				8272B3FD26DAB3FF00064A94 /* InteractorsContainer.swift in Sources */,
				8272B42426DB796A00064A94 /* ContentView.swift in Sources */,
				8272B41A26DAE06500064A94 /* Loadable.swift in Sources */,
				8272B42E26DB7F3C00064A94 /* ActivityIndicatorView.swift in Sources */,
				8272B3FB26DAB3D600064A94 /* Store.swift in Sources */,
				8272B41C26DAE20F00064A94 /* NetworkingHelpers.swift in Sources */,
				8272B3F626DAB28500064A94 /* TestsList.swift in Sources */,
				8272B40026DAB50D00064A94 /* TestSelectorInteractor.swift in Sources */,
				8272B41826DAE02600064A94 /* CancelBag.swift in Sources */,
				82821DBE26DAA6D3001DA227 /* Autism_Test.xcdatamodeld in Sources */,
				8272B41526DACCFD00064A94 /* ResultModel.swift in Sources */,
				82821DB226DAA6D2001DA227 /* Autism_TestApp.swift in Sources */,
			);
			runOnlyForDeploymentPostprocessing = 0;
		};
		82821DC026DAA6D3001DA227 /* Sources */ = {
			isa = PBXSourcesBuildPhase;
			buildActionMask = 2147483647;
			files = (
				82821DC926DAA6D3001DA227 /* Autism_TestTests.swift in Sources */,
			);
			runOnlyForDeploymentPostprocessing = 0;
		};
		82821DCB26DAA6D3001DA227 /* Sources */ = {
			isa = PBXSourcesBuildPhase;
			buildActionMask = 2147483647;
			files = (
				82821DD426DAA6D3001DA227 /* Autism_TestUITests.swift in Sources */,
			);
			runOnlyForDeploymentPostprocessing = 0;
		};
/* End PBXSourcesBuildPhase section */

/* Begin PBXTargetDependency section */
		82821DC626DAA6D3001DA227 /* PBXTargetDependency */ = {
			isa = PBXTargetDependency;
			target = 82821DAD26DAA6D2001DA227 /* Autism Test */;
			targetProxy = 82821DC526DAA6D3001DA227 /* PBXContainerItemProxy */;
		};
		82821DD126DAA6D3001DA227 /* PBXTargetDependency */ = {
			isa = PBXTargetDependency;
			target = 82821DAD26DAA6D2001DA227 /* Autism Test */;
			targetProxy = 82821DD026DAA6D3001DA227 /* PBXContainerItemProxy */;
		};
/* End PBXTargetDependency section */

/* Begin XCBuildConfiguration section */
		82821DD626DAA6D3001DA227 /* Debug */ = {
			isa = XCBuildConfiguration;
			buildSettings = {
				ALWAYS_SEARCH_USER_PATHS = NO;
				CLANG_ANALYZER_NONNULL = YES;
				CLANG_ANALYZER_NUMBER_OBJECT_CONVERSION = YES_AGGRESSIVE;
				CLANG_CXX_LANGUAGE_STANDARD = "gnu++14";
				CLANG_CXX_LIBRARY = "libc++";
				CLANG_ENABLE_MODULES = YES;
				CLANG_ENABLE_OBJC_ARC = YES;
				CLANG_ENABLE_OBJC_WEAK = YES;
				CLANG_WARN_BLOCK_CAPTURE_AUTORELEASING = YES;
				CLANG_WARN_BOOL_CONVERSION = YES;
				CLANG_WARN_COMMA = YES;
				CLANG_WARN_CONSTANT_CONVERSION = YES;
				CLANG_WARN_DEPRECATED_OBJC_IMPLEMENTATIONS = YES;
				CLANG_WARN_DIRECT_OBJC_ISA_USAGE = YES_ERROR;
				CLANG_WARN_DOCUMENTATION_COMMENTS = YES;
				CLANG_WARN_EMPTY_BODY = YES;
				CLANG_WARN_ENUM_CONVERSION = YES;
				CLANG_WARN_INFINITE_RECURSION = YES;
				CLANG_WARN_INT_CONVERSION = YES;
				CLANG_WARN_NON_LITERAL_NULL_CONVERSION = YES;
				CLANG_WARN_OBJC_IMPLICIT_RETAIN_SELF = YES;
				CLANG_WARN_OBJC_LITERAL_CONVERSION = YES;
				CLANG_WARN_OBJC_ROOT_CLASS = YES_ERROR;
				CLANG_WARN_QUOTED_INCLUDE_IN_FRAMEWORK_HEADER = YES;
				CLANG_WARN_RANGE_LOOP_ANALYSIS = YES;
				CLANG_WARN_STRICT_PROTOTYPES = YES;
				CLANG_WARN_SUSPICIOUS_MOVE = YES;
				CLANG_WARN_UNGUARDED_AVAILABILITY = YES_AGGRESSIVE;
				CLANG_WARN_UNREACHABLE_CODE = YES;
				CLANG_WARN__DUPLICATE_METHOD_MATCH = YES;
				COPY_PHASE_STRIP = NO;
				DEBUG_INFORMATION_FORMAT = dwarf;
				ENABLE_STRICT_OBJC_MSGSEND = YES;
				ENABLE_TESTABILITY = YES;
				GCC_C_LANGUAGE_STANDARD = gnu11;
				GCC_DYNAMIC_NO_PIC = NO;
				GCC_NO_COMMON_BLOCKS = YES;
				GCC_OPTIMIZATION_LEVEL = 0;
				GCC_PREPROCESSOR_DEFINITIONS = (
					"DEBUG=1",
					"$(inherited)",
				);
				GCC_WARN_64_TO_32_BIT_CONVERSION = YES;
				GCC_WARN_ABOUT_RETURN_TYPE = YES_ERROR;
				GCC_WARN_UNDECLARED_SELECTOR = YES;
				GCC_WARN_UNINITIALIZED_AUTOS = YES_AGGRESSIVE;
				GCC_WARN_UNUSED_FUNCTION = YES;
				GCC_WARN_UNUSED_VARIABLE = YES;
				IPHONEOS_DEPLOYMENT_TARGET = 14.5;
				MTL_ENABLE_DEBUG_INFO = INCLUDE_SOURCE;
				MTL_FAST_MATH = YES;
				ONLY_ACTIVE_ARCH = YES;
				SDKROOT = iphoneos;
				SWIFT_ACTIVE_COMPILATION_CONDITIONS = DEBUG;
				SWIFT_OPTIMIZATION_LEVEL = "-Onone";
			};
			name = Debug;
		};
		82821DD726DAA6D3001DA227 /* Release */ = {
			isa = XCBuildConfiguration;
			buildSettings = {
				ALWAYS_SEARCH_USER_PATHS = NO;
				CLANG_ANALYZER_NONNULL = YES;
				CLANG_ANALYZER_NUMBER_OBJECT_CONVERSION = YES_AGGRESSIVE;
				CLANG_CXX_LANGUAGE_STANDARD = "gnu++14";
				CLANG_CXX_LIBRARY = "libc++";
				CLANG_ENABLE_MODULES = YES;
				CLANG_ENABLE_OBJC_ARC = YES;
				CLANG_ENABLE_OBJC_WEAK = YES;
				CLANG_WARN_BLOCK_CAPTURE_AUTORELEASING = YES;
				CLANG_WARN_BOOL_CONVERSION = YES;
				CLANG_WARN_COMMA = YES;
				CLANG_WARN_CONSTANT_CONVERSION = YES;
				CLANG_WARN_DEPRECATED_OBJC_IMPLEMENTATIONS = YES;
				CLANG_WARN_DIRECT_OBJC_ISA_USAGE = YES_ERROR;
				CLANG_WARN_DOCUMENTATION_COMMENTS = YES;
				CLANG_WARN_EMPTY_BODY = YES;
				CLANG_WARN_ENUM_CONVERSION = YES;
				CLANG_WARN_INFINITE_RECURSION = YES;
				CLANG_WARN_INT_CONVERSION = YES;
				CLANG_WARN_NON_LITERAL_NULL_CONVERSION = YES;
				CLANG_WARN_OBJC_IMPLICIT_RETAIN_SELF = YES;
				CLANG_WARN_OBJC_LITERAL_CONVERSION = YES;
				CLANG_WARN_OBJC_ROOT_CLASS = YES_ERROR;
				CLANG_WARN_QUOTED_INCLUDE_IN_FRAMEWORK_HEADER = YES;
				CLANG_WARN_RANGE_LOOP_ANALYSIS = YES;
				CLANG_WARN_STRICT_PROTOTYPES = YES;
				CLANG_WARN_SUSPICIOUS_MOVE = YES;
				CLANG_WARN_UNGUARDED_AVAILABILITY = YES_AGGRESSIVE;
				CLANG_WARN_UNREACHABLE_CODE = YES;
				CLANG_WARN__DUPLICATE_METHOD_MATCH = YES;
				COPY_PHASE_STRIP = NO;
				DEBUG_INFORMATION_FORMAT = "dwarf-with-dsym";
				ENABLE_NS_ASSERTIONS = NO;
				ENABLE_STRICT_OBJC_MSGSEND = YES;
				GCC_C_LANGUAGE_STANDARD = gnu11;
				GCC_NO_COMMON_BLOCKS = YES;
				GCC_WARN_64_TO_32_BIT_CONVERSION = YES;
				GCC_WARN_ABOUT_RETURN_TYPE = YES_ERROR;
				GCC_WARN_UNDECLARED_SELECTOR = YES;
				GCC_WARN_UNINITIALIZED_AUTOS = YES_AGGRESSIVE;
				GCC_WARN_UNUSED_FUNCTION = YES;
				GCC_WARN_UNUSED_VARIABLE = YES;
				IPHONEOS_DEPLOYMENT_TARGET = 14.5;
				MTL_ENABLE_DEBUG_INFO = NO;
				MTL_FAST_MATH = YES;
				SDKROOT = iphoneos;
				SWIFT_COMPILATION_MODE = wholemodule;
				SWIFT_OPTIMIZATION_LEVEL = "-O";
				VALIDATE_PRODUCT = YES;
			};
			name = Release;
		};
		82821DD926DAA6D3001DA227 /* Debug */ = {
			isa = XCBuildConfiguration;
			buildSettings = {
				ASSETCATALOG_COMPILER_APPICON_NAME = AppIcon;
				ASSETCATALOG_COMPILER_GLOBAL_ACCENT_COLOR_NAME = AccentColor;
				CODE_SIGN_ENTITLEMENTS = "Autism Test/Resources/Autism Test.entitlements";
				CODE_SIGN_STYLE = Automatic;
				DEVELOPMENT_ASSET_PATHS = "\"Autism Test/Resources/Preview Content\"";
				DEVELOPMENT_TEAM = 7KRMA2Y5X6;
				ENABLE_PREVIEWS = YES;
				INFOPLIST_FILE = "Autism Test/Resources/Info.plist";
				IPHONEOS_DEPLOYMENT_TARGET = 14.0;
				LD_RUNPATH_SEARCH_PATHS = (
					"$(inherited)",
					"@executable_path/Frameworks",
				);
				PRODUCT_BUNDLE_IDENTIFIER = "com.rogowskideveloper.Autism-Test";
				PRODUCT_NAME = "$(TARGET_NAME)";
				SUPPORTS_MACCATALYST = YES;
				SUPPORTS_MAC_DESIGNED_FOR_IPHONE_IPAD = YES;
				SWIFT_VERSION = 5.0;
				TARGETED_DEVICE_FAMILY = "1,2,6";
			};
			name = Debug;
		};
		82821DDA26DAA6D3001DA227 /* Release */ = {
			isa = XCBuildConfiguration;
			buildSettings = {
				ASSETCATALOG_COMPILER_APPICON_NAME = AppIcon;
				ASSETCATALOG_COMPILER_GLOBAL_ACCENT_COLOR_NAME = AccentColor;
				CODE_SIGN_ENTITLEMENTS = "Autism Test/Resources/Autism Test.entitlements";
				CODE_SIGN_STYLE = Automatic;
				DEVELOPMENT_ASSET_PATHS = "\"Autism Test/Resources/Preview Content\"";
				DEVELOPMENT_TEAM = 7KRMA2Y5X6;
				ENABLE_PREVIEWS = YES;
				INFOPLIST_FILE = "Autism Test/Resources/Info.plist";
				IPHONEOS_DEPLOYMENT_TARGET = 14.0;
				LD_RUNPATH_SEARCH_PATHS = (
					"$(inherited)",
					"@executable_path/Frameworks",
				);
				PRODUCT_BUNDLE_IDENTIFIER = "com.rogowskideveloper.Autism-Test";
				PRODUCT_NAME = "$(TARGET_NAME)";
				SUPPORTS_MACCATALYST = YES;
				SUPPORTS_MAC_DESIGNED_FOR_IPHONE_IPAD = YES;
				SWIFT_VERSION = 5.0;
				TARGETED_DEVICE_FAMILY = "1,2,6";
			};
			name = Release;
		};
		82821DDC26DAA6D3001DA227 /* Debug */ = {
			isa = XCBuildConfiguration;
			buildSettings = {
				ALWAYS_EMBED_SWIFT_STANDARD_LIBRARIES = YES;
				BUNDLE_LOADER = "$(TEST_HOST)";
				CODE_SIGN_STYLE = Automatic;
				DEVELOPMENT_TEAM = 7KRMA2Y5X6;
				INFOPLIST_FILE = "Autism TestTests/Info.plist";
				IPHONEOS_DEPLOYMENT_TARGET = 14.0;
				LD_RUNPATH_SEARCH_PATHS = (
					"$(inherited)",
					"@executable_path/Frameworks",
					"@loader_path/Frameworks",
				);
				PRODUCT_BUNDLE_IDENTIFIER = "com.rogowskideveloper.Autism-TestTests";
				PRODUCT_NAME = "$(TARGET_NAME)";
				SWIFT_VERSION = 5.0;
				TARGETED_DEVICE_FAMILY = "1,2";
				TEST_HOST = "$(BUILT_PRODUCTS_DIR)/Autism Test.app/Autism Test";
			};
			name = Debug;
		};
		82821DDD26DAA6D3001DA227 /* Release */ = {
			isa = XCBuildConfiguration;
			buildSettings = {
				ALWAYS_EMBED_SWIFT_STANDARD_LIBRARIES = YES;
				BUNDLE_LOADER = "$(TEST_HOST)";
				CODE_SIGN_STYLE = Automatic;
				DEVELOPMENT_TEAM = 7KRMA2Y5X6;
				INFOPLIST_FILE = "Autism TestTests/Info.plist";
				IPHONEOS_DEPLOYMENT_TARGET = 14.0;
				LD_RUNPATH_SEARCH_PATHS = (
					"$(inherited)",
					"@executable_path/Frameworks",
					"@loader_path/Frameworks",
				);
				PRODUCT_BUNDLE_IDENTIFIER = "com.rogowskideveloper.Autism-TestTests";
				PRODUCT_NAME = "$(TARGET_NAME)";
				SWIFT_VERSION = 5.0;
				TARGETED_DEVICE_FAMILY = "1,2";
				TEST_HOST = "$(BUILT_PRODUCTS_DIR)/Autism Test.app/Autism Test";
			};
			name = Release;
		};
		82821DDF26DAA6D3001DA227 /* Debug */ = {
			isa = XCBuildConfiguration;
			buildSettings = {
				ALWAYS_EMBED_SWIFT_STANDARD_LIBRARIES = YES;
				CODE_SIGN_STYLE = Automatic;
				DEVELOPMENT_TEAM = 7KRMA2Y5X6;
				INFOPLIST_FILE = "Autism TestUITests/Info.plist";
				LD_RUNPATH_SEARCH_PATHS = (
					"$(inherited)",
					"@executable_path/Frameworks",
					"@loader_path/Frameworks",
				);
				PRODUCT_BUNDLE_IDENTIFIER = "com.rogowskideveloper.Autism-TestUITests";
				PRODUCT_NAME = "$(TARGET_NAME)";
				SWIFT_VERSION = 5.0;
				TARGETED_DEVICE_FAMILY = "1,2";
				TEST_TARGET_NAME = "Autism Test";
			};
			name = Debug;
		};
		82821DE026DAA6D3001DA227 /* Release */ = {
			isa = XCBuildConfiguration;
			buildSettings = {
				ALWAYS_EMBED_SWIFT_STANDARD_LIBRARIES = YES;
				CODE_SIGN_STYLE = Automatic;
				DEVELOPMENT_TEAM = 7KRMA2Y5X6;
				INFOPLIST_FILE = "Autism TestUITests/Info.plist";
				LD_RUNPATH_SEARCH_PATHS = (
					"$(inherited)",
					"@executable_path/Frameworks",
					"@loader_path/Frameworks",
				);
				PRODUCT_BUNDLE_IDENTIFIER = "com.rogowskideveloper.Autism-TestUITests";
				PRODUCT_NAME = "$(TARGET_NAME)";
				SWIFT_VERSION = 5.0;
				TARGETED_DEVICE_FAMILY = "1,2";
				TEST_TARGET_NAME = "Autism Test";
			};
			name = Release;
		};
/* End XCBuildConfiguration section */

/* Begin XCConfigurationList section */
		82821DA926DAA6D2001DA227 /* Build configuration list for PBXProject "Autism Test" */ = {
			isa = XCConfigurationList;
			buildConfigurations = (
				82821DD626DAA6D3001DA227 /* Debug */,
				82821DD726DAA6D3001DA227 /* Release */,
			);
			defaultConfigurationIsVisible = 0;
			defaultConfigurationName = Release;
		};
		82821DD826DAA6D3001DA227 /* Build configuration list for PBXNativeTarget "Autism Test" */ = {
			isa = XCConfigurationList;
			buildConfigurations = (
				82821DD926DAA6D3001DA227 /* Debug */,
				82821DDA26DAA6D3001DA227 /* Release */,
			);
			defaultConfigurationIsVisible = 0;
			defaultConfigurationName = Release;
		};
		82821DDB26DAA6D3001DA227 /* Build configuration list for PBXNativeTarget "Autism TestTests" */ = {
			isa = XCConfigurationList;
			buildConfigurations = (
				82821DDC26DAA6D3001DA227 /* Debug */,
				82821DDD26DAA6D3001DA227 /* Release */,
			);
			defaultConfigurationIsVisible = 0;
			defaultConfigurationName = Release;
		};
		82821DDE26DAA6D3001DA227 /* Build configuration list for PBXNativeTarget "Autism TestUITests" */ = {
			isa = XCConfigurationList;
			buildConfigurations = (
				82821DDF26DAA6D3001DA227 /* Debug */,
				82821DE026DAA6D3001DA227 /* Release */,
			);
			defaultConfigurationIsVisible = 0;
			defaultConfigurationName = Release;
		};
/* End XCConfigurationList section */

/* Begin XCRemoteSwiftPackageReference section */
		8272B42726DB7A1900064A94 /* XCRemoteSwiftPackageReference "EnvironmentOverrides" */ = {
			isa = XCRemoteSwiftPackageReference;
			repositoryURL = "https://github.com/nalexn/EnvironmentOverrides";
			requirement = {
				kind = upToNextMajorVersion;
				minimumVersion = 0.0.4;
			};
		};
/* End XCRemoteSwiftPackageReference section */

/* Begin XCSwiftPackageProductDependency section */
		8272B42826DB7A1900064A94 /* EnvironmentOverrides */ = {
			isa = XCSwiftPackageProductDependency;
			package = 8272B42726DB7A1900064A94 /* XCRemoteSwiftPackageReference "EnvironmentOverrides" */;
			productName = EnvironmentOverrides;
		};
/* End XCSwiftPackageProductDependency section */

/* Begin XCVersionGroup section */
		82821DBC26DAA6D3001DA227 /* Autism_Test.xcdatamodeld */ = {
			isa = XCVersionGroup;
			children = (
				82821DBD26DAA6D3001DA227 /* Autism_Test.xcdatamodel */,
			);
			currentVersion = 82821DBD26DAA6D3001DA227 /* Autism_Test.xcdatamodel */;
			path = Autism_Test.xcdatamodeld;
			sourceTree = "<group>";
			versionGroupType = wrapper.xcdatamodel;
		};
/* End XCVersionGroup section */
	};
	rootObject = 82821DA626DAA6D2001DA227 /* Project object */;
}
